<Solution>
  <Project Path="src/ClrKernel.Core/ClrKernel.Core.csproj" />
  <Project Path="src/ClrKernel.Http/ClrKernel.Http.csproj" />
  <Project Path="src/ClrKernel.Mermaid/ClrKernel.Mermaid.csproj" />
  <Project Path="src/ClrKernel.PowerShell/ClrKernel.PowerShell.csproj" />
  <Project Path="src/ClrKernel.Jupyter/ClrKernel.Jupyter.csproj" />
  <Project Path="src/ClrKernel.LanguageServices/ClrKernel.LanguageServices.csproj" />
  <Project Path="src/ClrKernel.Primitives/ClrKernel.Primitives.csproj" />
  <Project Path="src/ClrKernel.Runner/ClrKernel.Runner.csproj" />
  <Project Path="src/ClrKernel.Server/ClrKernel.Server.csproj" />
  <Project Path="src/ClrKernel.Sql/ClrKernel.Sql.csproj" />
  <Project Path="src/ClrKernel/ClrKernel.csproj" />
  <Project Path="test/ClrKernel.UnitTest/ClrKernel.UnitTest.csproj" />
</Solution>
