<Solution>
  <Project Path="src/ClrKernel.Core.Scripting/ClrKernel.Core.Scripting.csproj" />
  <Project Path="src/ClrKernel.Core.Secrets/ClrKernel.Core.Secrets.csproj" />
  <Project Path="src/ClrKernel.Language.Http/ClrKernel.Language.Http.csproj" />
  <Project Path="src/ClrKernel.Language.Mermaid/ClrKernel.Language.Mermaid.csproj" />
  <Project Path="src/ClrKernel.Language.PowerShell/ClrKernel.Language.PowerShell.csproj" />
  <Project Path="src/ClrKernel.Core.JupyterKernel/ClrKernel.Core.JupyterKernel.csproj" />
  <Project Path="src/ClrKernel.Core.LanguageServices/ClrKernel.Core.LanguageServices.csproj" />
  <Project Path="src/ClrKernel.Core.Primitives/ClrKernel.Core.Primitives.csproj" />
  <Project Path="src/ClrKernel.Core.Runner/ClrKernel.Core.Runner.csproj" />
  <Project Path="src/ClrKernel.Formatting.Html/ClrKernel.Formatting.Html.csproj" />
  <Project Path="src/ClrKernel.Database.Entra/ClrKernel.Database.Entra.csproj" />
  <Project Path="src/ClrKernel.DataEngineering/ClrKernel.DataEngineering.csproj" />
  <Project Path="src/ClrKernel.Database.Provider.AnalysisServices/ClrKernel.Database.Provider.AnalysisServices.csproj" />
  <Project Path="src/ClrKernel.Language.Dax/ClrKernel.Language.Dax.csproj" />
  <Project Path="src/ClrKernel.Database.Provider.Fabric/ClrKernel.Database.Provider.Fabric.csproj" />
  <Project Path="src/ClrKernel.Core.ExtensionServer/ClrKernel.Core.ExtensionServer.csproj" />
  <Project Path="src/ClrKernel.Database/ClrKernel.Database.csproj" />
  <Project Path="src/ClrKernel.Database.Provider.Oracle/ClrKernel.Database.Provider.Oracle.csproj" />
  <Project Path="src/ClrKernel.Database.Provider.Odbc/ClrKernel.Database.Provider.Odbc.csproj" />
  <Project Path="src/ClrKernel.Database.Provider.Jdbc/ClrKernel.Database.Provider.Jdbc.csproj" />
  <Project Path="src/ClrKernel.Database.Provider.SqlServer/ClrKernel.Database.Provider.SqlServer.csproj" />
  <Project Path="src/ClrKernel.Language.Sql/ClrKernel.Language.Sql.csproj" />
  <Project Path="src/ClrKernel/ClrKernel.csproj" />
  <Project Path="test/ClrKernel.Core.UnitTest/ClrKernel.Core.UnitTest.csproj" />
  <Project Path="test/ClrKernel.Language.UnitTest/ClrKernel.Language.UnitTest.csproj" />
  <Project Path="test/ClrKernel.Database.UnitTest/ClrKernel.Database.UnitTest.csproj" />
</Solution>
